
Microsoft Visual Studio Solution File, Format Version 12.00
# Visual Studio Version 17
VisualStudioVersion = 17.7.34031.279
MinimumVisualStudioVersion = 10.0.40219.1
Project("{FAE04EC0-301F-11D3-BF4B-00C04F79EFBC}") = "KiemTra_Lan2", "KiemTra_Lan2\KiemTra_Lan2.csproj", "{F4AD8492-8CFA-4D36-B313-0006D71AADC1}"
EndProject
Global
	GlobalSection(SolutionConfigurationPlatforms) = preSolution
		Debug|Any CPU = Debug|Any CPU
		Release|Any CPU = Release|Any CPU
	EndGlobalSection
	GlobalSection(ProjectConfigurationPlatforms) = postSolution
		{F4AD8492-8CFA-4D36-B313-0006D71AADC1}.Debug|Any CPU.ActiveCfg = Debug|Any CPU
		{F4AD8492-8CFA-4D36-B313-0006D71AADC1}.Debug|Any CPU.Build.0 = Debug|Any CPU
		{F4AD8492-8CFA-4D36-B313-0006D71AADC1}.Release|Any CPU.ActiveCfg = Release|Any CPU
		{F4AD8492-8CFA-4D36-B313-0006D71AADC1}.Release|Any CPU.Build.0 = Release|Any CPU
	EndGlobalSection
	GlobalSection(SolutionProperties) = preSolution
		HideSolutionNode = FALSE
	EndGlobalSection
	GlobalSection(ExtensibilityGlobals) = postSolution
		SolutionGuid = {8D008906-9E16-43AF-94BE-E9869B962D5F}
	EndGlobalSection
EndGlobal
